
Microsoft Visual Studio Solution File, Format Version 12.00
# Visual Studio Version 17
VisualStudioVersion = 17.4.33213.308
MinimumVisualStudioVersion = 10.0.40219.1
Project("{FAE04EC0-301F-11D3-BF4B-00C04F79EFBC}") = "ConnectionString", "ConnectionString.csproj", "{539BD110-FF23-4FD6-A540-830BB4660E29}"
EndProject
Global
	GlobalSection(SolutionConfigurationPlatforms) = preSolution
		Debug|Any CPU = Debug|Any CPU
		Release|Any CPU = Release|Any CPU
	EndGlobalSection
	GlobalSection(ProjectConfigurationPlatforms) = postSolution
		{539BD110-FF23-4FD6-A540-830BB4660E29}.Debug|Any CPU.ActiveCfg = Debug|Any CPU
		{539BD110-FF23-4FD6-A540-830BB4660E29}.Debug|Any CPU.Build.0 = Debug|Any CPU
		{539BD110-FF23-4FD6-A540-830BB4660E29}.Release|Any CPU.ActiveCfg = Release|Any CPU
		{539BD110-FF23-4FD6-A540-830BB4660E29}.Release|Any CPU.Build.0 = Release|Any CPU
	EndGlobalSection
	GlobalSection(SolutionProperties) = preSolution
		HideSolutionNode = FALSE
	EndGlobalSection
	GlobalSection(ExtensibilityGlobals) = postSolution
		SolutionGuid = {EB4CAEF1-7E74-4C6E-8F1E-DE29C76C6E85}
	EndGlobalSection
EndGlobal
