
Microsoft Visual Studio Solution File, Format Version 12.00
# Visual Studio Version 17
VisualStudioVersion = 17.4.33213.308
MinimumVisualStudioVersion = 10.0.40219.1
Project("{FAE04EC0-301F-11D3-BF4B-00C04F79EFBC}") = "Oefening ReadWrite Namen", "Oefening ReadWrite Namen.csproj", "{69E397A5-0036-4C94-A173-25FE74D4E47B}"
EndProject
Global
	GlobalSection(SolutionConfigurationPlatforms) = preSolution
		Debug|Any CPU = Debug|Any CPU
		Release|Any CPU = Release|Any CPU
	EndGlobalSection
	GlobalSection(ProjectConfigurationPlatforms) = postSolution
		{69E397A5-0036-4C94-A173-25FE74D4E47B}.Debug|Any CPU.ActiveCfg = Debug|Any CPU
		{69E397A5-0036-4C94-A173-25FE74D4E47B}.Debug|Any CPU.Build.0 = Debug|Any CPU
		{69E397A5-0036-4C94-A173-25FE74D4E47B}.Release|Any CPU.ActiveCfg = Release|Any CPU
		{69E397A5-0036-4C94-A173-25FE74D4E47B}.Release|Any CPU.Build.0 = Release|Any CPU
	EndGlobalSection
	GlobalSection(SolutionProperties) = preSolution
		HideSolutionNode = FALSE
	EndGlobalSection
	GlobalSection(ExtensibilityGlobals) = postSolution
		SolutionGuid = {6D0A7A25-9D4A-4099-BE95-3DC5E25E7734}
	EndGlobalSection
EndGlobal
