
Microsoft Visual Studio Solution File, Format Version 12.00
# Visual Studio Version 17
VisualStudioVersion = 17.5.33627.172
MinimumVisualStudioVersion = 10.0.40219.1
Project("{FAE04EC0-301F-11D3-BF4B-00C04F79EFBC}") = "Toepassing07_KlasseBerkening", "Toepassing07_KlasseBerkening\Toepassing07_KlasseBerkening.csproj", "{AA642D11-46E3-42A3-973E-D2DF6DF3D74D}"
EndProject
Global
	GlobalSection(SolutionConfigurationPlatforms) = preSolution
		Debug|Any CPU = Debug|Any CPU
		Release|Any CPU = Release|Any CPU
	EndGlobalSection
	GlobalSection(ProjectConfigurationPlatforms) = postSolution
		{AA642D11-46E3-42A3-973E-D2DF6DF3D74D}.Debug|Any CPU.ActiveCfg = Debug|Any CPU
		{AA642D11-46E3-42A3-973E-D2DF6DF3D74D}.Debug|Any CPU.Build.0 = Debug|Any CPU
		{AA642D11-46E3-42A3-973E-D2DF6DF3D74D}.Release|Any CPU.ActiveCfg = Release|Any CPU
		{AA642D11-46E3-42A3-973E-D2DF6DF3D74D}.Release|Any CPU.Build.0 = Release|Any CPU
	EndGlobalSection
	GlobalSection(SolutionProperties) = preSolution
		HideSolutionNode = FALSE
	EndGlobalSection
	GlobalSection(ExtensibilityGlobals) = postSolution
		SolutionGuid = {131C3C82-8562-4459-9839-940B3E78225E}
	EndGlobalSection
EndGlobal
