
Microsoft Visual Studio Solution File, Format Version 12.00
# Visual Studio Version 17
VisualStudioVersion = 17.4.33205.214
MinimumVisualStudioVersion = 10.0.40219.1
Project("{FAE04EC0-301F-11D3-BF4B-00C04F79EFBC}") = "Toepassing 5, Woordenboek", "Toepassing 5, Woordenboek\Toepassing 5, Woordenboek.csproj", "{04C1ABE9-A3CE-4B93-AC49-582A2048BACD}"
EndProject
Global
	GlobalSection(SolutionConfigurationPlatforms) = preSolution
		Debug|Any CPU = Debug|Any CPU
		Release|Any CPU = Release|Any CPU
	EndGlobalSection
	GlobalSection(ProjectConfigurationPlatforms) = postSolution
		{04C1ABE9-A3CE-4B93-AC49-582A2048BACD}.Debug|Any CPU.ActiveCfg = Debug|Any CPU
		{04C1ABE9-A3CE-4B93-AC49-582A2048BACD}.Debug|Any CPU.Build.0 = Debug|Any CPU
		{04C1ABE9-A3CE-4B93-AC49-582A2048BACD}.Release|Any CPU.ActiveCfg = Release|Any CPU
		{04C1ABE9-A3CE-4B93-AC49-582A2048BACD}.Release|Any CPU.Build.0 = Release|Any CPU
	EndGlobalSection
	GlobalSection(SolutionProperties) = preSolution
		HideSolutionNode = FALSE
	EndGlobalSection
	GlobalSection(ExtensibilityGlobals) = postSolution
		SolutionGuid = {30A07BFE-1AAA-41BF-B8B9-DC67AC849E32}
	EndGlobalSection
EndGlobal
