
Microsoft Visual Studio Solution File, Format Version 12.00
# Visual Studio Version 17
VisualStudioVersion = 17.4.33205.214
MinimumVisualStudioVersion = 10.0.40219.1
Project("{FAE04EC0-301F-11D3-BF4B-00C04F79EFBC}") = "KlassePersoneel", "KlassePersoneel\KlassePersoneel.csproj", "{EC8E7977-A387-47E0-83AB-634C88528576}"
EndProject
Global
	GlobalSection(SolutionConfigurationPlatforms) = preSolution
		Debug|Any CPU = Debug|Any CPU
		Release|Any CPU = Release|Any CPU
	EndGlobalSection
	GlobalSection(ProjectConfigurationPlatforms) = postSolution
		{EC8E7977-A387-47E0-83AB-634C88528576}.Debug|Any CPU.ActiveCfg = Debug|Any CPU
		{EC8E7977-A387-47E0-83AB-634C88528576}.Debug|Any CPU.Build.0 = Debug|Any CPU
		{EC8E7977-A387-47E0-83AB-634C88528576}.Release|Any CPU.ActiveCfg = Release|Any CPU
		{EC8E7977-A387-47E0-83AB-634C88528576}.Release|Any CPU.Build.0 = Release|Any CPU
	EndGlobalSection
	GlobalSection(SolutionProperties) = preSolution
		HideSolutionNode = FALSE
	EndGlobalSection
	GlobalSection(ExtensibilityGlobals) = postSolution
		SolutionGuid = {98A071E3-427B-411C-BFBB-ED189D3D66D1}
	EndGlobalSection
EndGlobal
