
Microsoft Visual Studio Solution File, Format Version 12.00
# Visual Studio Version 17
VisualStudioVersion = 17.4.33213.308
MinimumVisualStudioVersion = 10.0.40219.1
Project("{FAE04EC0-301F-11D3-BF4B-00C04F79EFBC}") = "Dataset", "Dataset.csproj", "{36DCFF78-D3B9-42A2-9D6A-02F8C96F5E7A}"
EndProject
Global
	GlobalSection(SolutionConfigurationPlatforms) = preSolution
		Debug|Any CPU = Debug|Any CPU
		Release|Any CPU = Release|Any CPU
	EndGlobalSection
	GlobalSection(ProjectConfigurationPlatforms) = postSolution
		{36DCFF78-D3B9-42A2-9D6A-02F8C96F5E7A}.Debug|Any CPU.ActiveCfg = Debug|Any CPU
		{36DCFF78-D3B9-42A2-9D6A-02F8C96F5E7A}.Debug|Any CPU.Build.0 = Debug|Any CPU
		{36DCFF78-D3B9-42A2-9D6A-02F8C96F5E7A}.Release|Any CPU.ActiveCfg = Release|Any CPU
		{36DCFF78-D3B9-42A2-9D6A-02F8C96F5E7A}.Release|Any CPU.Build.0 = Release|Any CPU
	EndGlobalSection
	GlobalSection(SolutionProperties) = preSolution
		HideSolutionNode = FALSE
	EndGlobalSection
	GlobalSection(ExtensibilityGlobals) = postSolution
		SolutionGuid = {DB544B2D-FAE6-494B-86FE-CF0AD2F65438}
	EndGlobalSection
EndGlobal
